
Microsoft Visual Studio Solution File, Format Version 12.00
# Visual Studio Version 16
VisualStudioVersion = 16.0.31424.327
MinimumVisualStudioVersion = 10.0.40219.1
Project("{FAE04EC0-301F-11D3-BF4B-00C04F79EFBC}") = "SmsSend", "SmsSend.csproj", "{4A47720A-0C0F-4642-9FD9-B5BFCD8653AA}"
EndProject
Global
	GlobalSection(SolutionConfigurationPlatforms) = preSolution
		Debug|Any CPU = Debug|Any CPU
		Release|Any CPU = Release|Any CPU
	EndGlobalSection
	GlobalSection(ProjectConfigurationPlatforms) = postSolution
		{4A47720A-0C0F-4642-9FD9-B5BFCD8653AA}.Debug|Any CPU.ActiveCfg = Debug|Any CPU
		{4A47720A-0C0F-4642-9FD9-B5BFCD8653AA}.Debug|Any CPU.Build.0 = Debug|Any CPU
		{4A47720A-0C0F-4642-9FD9-B5BFCD8653AA}.Release|Any CPU.ActiveCfg = Release|Any CPU
		{4A47720A-0C0F-4642-9FD9-B5BFCD8653AA}.Release|Any CPU.Build.0 = Release|Any CPU
	EndGlobalSection
	GlobalSection(SolutionProperties) = preSolution
		HideSolutionNode = FALSE
	EndGlobalSection
	GlobalSection(ExtensibilityGlobals) = postSolution
		SolutionGuid = {55810CD1-8714-4CEA-8265-E4F62FC6F948}
	EndGlobalSection
EndGlobal
